// !$*UTF8*$!
{
	archiveVersion = 1;
	classes = {
	};
	objectVersion = 56;
	objects = {

/* Begin PBXBuildFile section */
		782E89F02A060F61006F2BED /* ISS_LocationApp.swift in Sources */ = {isa = PBXBuildFile; fileRef = 782E89EF2A060F61006F2BED /* ISS_LocationApp.swift */; };
		782E89F22A060F61006F2BED /* MainView.swift in Sources */ = {isa = PBXBuildFile; fileRef = 782E89F12A060F61006F2BED /* MainView.swift */; };
		782E89F42A060F62006F2BED /* Assets.xcassets in Resources */ = {isa = PBXBuildFile; fileRef = 782E89F32A060F62006F2BED /* Assets.xcassets */; };
		782E89F72A060F62006F2BED /* Preview Assets.xcassets in Resources */ = {isa = PBXBuildFile; fileRef = 782E89F62A060F62006F2BED /* Preview Assets.xcassets */; };
		782E89F92A060F62006F2BED /* Persistence.swift in Sources */ = {isa = PBXBuildFile; fileRef = 782E89F82A060F62006F2BED /* Persistence.swift */; };
		782E89FC2A060F62006F2BED /* ISS_Location.xcdatamodeld in Sources */ = {isa = PBXBuildFile; fileRef = 782E89FA2A060F62006F2BED /* ISS_Location.xcdatamodeld */; };
		782E8A062A060F62006F2BED /* ISS_LocationTests.swift in Sources */ = {isa = PBXBuildFile; fileRef = 782E8A052A060F62006F2BED /* ISS_LocationTests.swift */; };
		782E8A102A060F62006F2BED /* ISS_LocationUITests.swift in Sources */ = {isa = PBXBuildFile; fileRef = 782E8A0F2A060F62006F2BED /* ISS_LocationUITests.swift */; };
		782E8A122A060F62006F2BED /* ISS_LocationUITestsLaunchTests.swift in Sources */ = {isa = PBXBuildFile; fileRef = 782E8A112A060F62006F2BED /* ISS_LocationUITestsLaunchTests.swift */; };
		782E8A222A061EE1006F2BED /* MapView.swift in Sources */ = {isa = PBXBuildFile; fileRef = 782E8A212A061EE1006F2BED /* MapView.swift */; };
		782E8A242A061F3D006F2BED /* LocationManager.swift in Sources */ = {isa = PBXBuildFile; fileRef = 782E8A232A061F3D006F2BED /* LocationManager.swift */; };
		782E8A262A0622E6006F2BED /* ISSPositionResponse.swift in Sources */ = {isa = PBXBuildFile; fileRef = 782E8A252A0622E6006F2BED /* ISSPositionResponse.swift */; };
		782E8A2A2A062A28006F2BED /* Realm in Frameworks */ = {isa = PBXBuildFile; productRef = 782E8A292A062A28006F2BED /* Realm */; };
		782E8A2C2A062A28006F2BED /* RealmSwift in Frameworks */ = {isa = PBXBuildFile; productRef = 782E8A2B2A062A28006F2BED /* RealmSwift */; };
		782E8A2E2A062C11006F2BED /* ISSInfoView.swift in Sources */ = {isa = PBXBuildFile; fileRef = 782E8A2D2A062C11006F2BED /* ISSInfoView.swift */; };
		782E8A302A062C55006F2BED /* MainViewModel.swift in Sources */ = {isa = PBXBuildFile; fileRef = 782E8A2F2A062C55006F2BED /* MainViewModel.swift */; };
		782E8A322A07808F006F2BED /* AstronautResponse.swift in Sources */ = {isa = PBXBuildFile; fileRef = 782E8A312A07808F006F2BED /* AstronautResponse.swift */; };
/* End PBXBuildFile section */

/* Begin PBXContainerItemProxy section */
		782E8A022A060F62006F2BED /* PBXContainerItemProxy */ = {
			isa = PBXContainerItemProxy;
			containerPortal = 782E89E42A060F61006F2BED /* Project object */;
			proxyType = 1;
			remoteGlobalIDString = 782E89EB2A060F61006F2BED;
			remoteInfo = "ISS-Location";
		};
		782E8A0C2A060F62006F2BED /* PBXContainerItemProxy */ = {
			isa = PBXContainerItemProxy;
			containerPortal = 782E89E42A060F61006F2BED /* Project object */;
			proxyType = 1;
			remoteGlobalIDString = 782E89EB2A060F61006F2BED;
			remoteInfo = "ISS-Location";
		};
/* End PBXContainerItemProxy section */

/* Begin PBXFileReference section */
		782E89EC2A060F61006F2BED /* ISS-Location.app */ = {isa = PBXFileReference; explicitFileType = wrapper.application; includeInIndex = 0; path = "ISS-Location.app"; sourceTree = BUILT_PRODUCTS_DIR; };
		782E89EF2A060F61006F2BED /* ISS_LocationApp.swift */ = {isa = PBXFileReference; lastKnownFileType = sourcecode.swift; path = ISS_LocationApp.swift; sourceTree = "<group>"; };
		782E89F12A060F61006F2BED /* MainView.swift */ = {isa = PBXFileReference; lastKnownFileType = sourcecode.swift; path = MainView.swift; sourceTree = "<group>"; };
		782E89F32A060F62006F2BED /* Assets.xcassets */ = {isa = PBXFileReference; lastKnownFileType = folder.assetcatalog; path = Assets.xcassets; sourceTree = "<group>"; };
		782E89F62A060F62006F2BED /* Preview Assets.xcassets */ = {isa = PBXFileReference; lastKnownFileType = folder.assetcatalog; path = "Preview Assets.xcassets"; sourceTree = "<group>"; };
		782E89F82A060F62006F2BED /* Persistence.swift */ = {isa = PBXFileReference; lastKnownFileType = sourcecode.swift; path = Persistence.swift; sourceTree = "<group>"; };
		782E89FB2A060F62006F2BED /* ISS_Location.xcdatamodel */ = {isa = PBXFileReference; lastKnownFileType = wrapper.xcdatamodel; path = ISS_Location.xcdatamodel; sourceTree = "<group>"; };
		782E8A012A060F62006F2BED /* ISS-LocationTests.xctest */ = {isa = PBXFileReference; explicitFileType = wrapper.cfbundle; includeInIndex = 0; path = "ISS-LocationTests.xctest"; sourceTree = BUILT_PRODUCTS_DIR; };
		782E8A052A060F62006F2BED /* ISS_LocationTests.swift */ = {isa = PBXFileReference; lastKnownFileType = sourcecode.swift; path = ISS_LocationTests.swift; sourceTree = "<group>"; };
		782E8A0B2A060F62006F2BED /* ISS-LocationUITests.xctest */ = {isa = PBXFileReference; explicitFileType = wrapper.cfbundle; includeInIndex = 0; path = "ISS-LocationUITests.xctest"; sourceTree = BUILT_PRODUCTS_DIR; };
		782E8A0F2A060F62006F2BED /* ISS_LocationUITests.swift */ = {isa = PBXFileReference; lastKnownFileType = sourcecode.swift; path = ISS_LocationUITests.swift; sourceTree = "<group>"; };
		782E8A112A060F62006F2BED /* ISS_LocationUITestsLaunchTests.swift */ = {isa = PBXFileReference; lastKnownFileType = sourcecode.swift; path = ISS_LocationUITestsLaunchTests.swift; sourceTree = "<group>"; };
		782E8A212A061EE1006F2BED /* MapView.swift */ = {isa = PBXFileReference; lastKnownFileType = sourcecode.swift; path = MapView.swift; sourceTree = "<group>"; };
		782E8A232A061F3D006F2BED /* LocationManager.swift */ = {isa = PBXFileReference; lastKnownFileType = sourcecode.swift; path = LocationManager.swift; sourceTree = "<group>"; };
		782E8A252A0622E6006F2BED /* ISSPositionResponse.swift */ = {isa = PBXFileReference; lastKnownFileType = sourcecode.swift; path = ISSPositionResponse.swift; sourceTree = "<group>"; };
		782E8A272A062694006F2BED /* Info.plist */ = {isa = PBXFileReference; lastKnownFileType = text.plist; path = Info.plist; sourceTree = "<group>"; };
		782E8A2D2A062C11006F2BED /* ISSInfoView.swift */ = {isa = PBXFileReference; lastKnownFileType = sourcecode.swift; path = ISSInfoView.swift; sourceTree = "<group>"; };
		782E8A2F2A062C55006F2BED /* MainViewModel.swift */ = {isa = PBXFileReference; lastKnownFileType = sourcecode.swift; path = MainViewModel.swift; sourceTree = "<group>"; };
		782E8A312A07808F006F2BED /* AstronautResponse.swift */ = {isa = PBXFileReference; lastKnownFileType = sourcecode.swift; path = AstronautResponse.swift; sourceTree = "<group>"; };
/* End PBXFileReference section */

/* Begin PBXFrameworksBuildPhase section */
		782E89E92A060F61006F2BED /* Frameworks */ = {
			isa = PBXFrameworksBuildPhase;
			buildActionMask = 2147483647;
			files = (
				782E8A2C2A062A28006F2BED /* RealmSwift in Frameworks */,
				782E8A2A2A062A28006F2BED /* Realm in Frameworks */,
			);
			runOnlyForDeploymentPostprocessing = 0;
		};
		782E89FE2A060F62006F2BED /* Frameworks */ = {
			isa = PBXFrameworksBuildPhase;
			buildActionMask = 2147483647;
			files = (
			);
			runOnlyForDeploymentPostprocessing = 0;
		};
		782E8A082A060F62006F2BED /* Frameworks */ = {
			isa = PBXFrameworksBuildPhase;
			buildActionMask = 2147483647;
			files = (
			);
			runOnlyForDeploymentPostprocessing = 0;
		};
/* End PBXFrameworksBuildPhase section */

/* Begin PBXGroup section */
		782E89E32A060F61006F2BED = {
			isa = PBXGroup;
			children = (
				782E89EE2A060F61006F2BED /* ISS-Location */,
				782E8A042A060F62006F2BED /* ISS-LocationTests */,
				782E8A0E2A060F62006F2BED /* ISS-LocationUITests */,
				782E89ED2A060F61006F2BED /* Products */,
			);
			sourceTree = "<group>";
		};
		782E89ED2A060F61006F2BED /* Products */ = {
			isa = PBXGroup;
			children = (
				782E89EC2A060F61006F2BED /* ISS-Location.app */,
				782E8A012A060F62006F2BED /* ISS-LocationTests.xctest */,
				782E8A0B2A060F62006F2BED /* ISS-LocationUITests.xctest */,
			);
			name = Products;
			sourceTree = "<group>";
		};
		782E89EE2A060F61006F2BED /* ISS-Location */ = {
			isa = PBXGroup;
			children = (
				782E8A272A062694006F2BED /* Info.plist */,
				782E8A202A061E9B006F2BED /* ViewModels */,
				782E8A1F2A061E96006F2BED /* Views */,
				782E8A1E2A061E8F006F2BED /* Models */,
				782E89EF2A060F61006F2BED /* ISS_LocationApp.swift */,
				782E89F32A060F62006F2BED /* Assets.xcassets */,
				782E89F82A060F62006F2BED /* Persistence.swift */,
				782E89FA2A060F62006F2BED /* ISS_Location.xcdatamodeld */,
				782E89F52A060F62006F2BED /* Preview Content */,
			);
			path = "ISS-Location";
			sourceTree = "<group>";
		};
		782E89F52A060F62006F2BED /* Preview Content */ = {
			isa = PBXGroup;
			children = (
				782E89F62A060F62006F2BED /* Preview Assets.xcassets */,
			);
			path = "Preview Content";
			sourceTree = "<group>";
		};
		782E8A042A060F62006F2BED /* ISS-LocationTests */ = {
			isa = PBXGroup;
			children = (
				782E8A052A060F62006F2BED /* ISS_LocationTests.swift */,
			);
			path = "ISS-LocationTests";
			sourceTree = "<group>";
		};
		782E8A0E2A060F62006F2BED /* ISS-LocationUITests */ = {
			isa = PBXGroup;
			children = (
				782E8A0F2A060F62006F2BED /* ISS_LocationUITests.swift */,
				782E8A112A060F62006F2BED /* ISS_LocationUITestsLaunchTests.swift */,
			);
			path = "ISS-LocationUITests";
			sourceTree = "<group>";
		};
		782E8A1E2A061E8F006F2BED /* Models */ = {
			isa = PBXGroup;
			children = (
				782E8A232A061F3D006F2BED /* LocationManager.swift */,
				782E8A252A0622E6006F2BED /* ISSPositionResponse.swift */,
				782E8A312A07808F006F2BED /* AstronautResponse.swift */,
			);
			path = Models;
			sourceTree = "<group>";
		};
		782E8A1F2A061E96006F2BED /* Views */ = {
			isa = PBXGroup;
			children = (
				782E89F12A060F61006F2BED /* MainView.swift */,
				782E8A212A061EE1006F2BED /* MapView.swift */,
				782E8A2D2A062C11006F2BED /* ISSInfoView.swift */,
			);
			path = Views;
			sourceTree = "<group>";
		};
		782E8A202A061E9B006F2BED /* ViewModels */ = {
			isa = PBXGroup;
			children = (
				782E8A2F2A062C55006F2BED /* MainViewModel.swift */,
			);
			path = ViewModels;
			sourceTree = "<group>";
		};
/* End PBXGroup section */

/* Begin PBXNativeTarget section */
		782E89EB2A060F61006F2BED /* ISS-Location */ = {
			isa = PBXNativeTarget;
			buildConfigurationList = 782E8A152A060F62006F2BED /* Build configuration list for PBXNativeTarget "ISS-Location" */;
			buildPhases = (
				782E89E82A060F61006F2BED /* Sources */,
				782E89E92A060F61006F2BED /* Frameworks */,
				782E89EA2A060F61006F2BED /* Resources */,
			);
			buildRules = (
			);
			dependencies = (
			);
			name = "ISS-Location";
			packageProductDependencies = (
				782E8A292A062A28006F2BED /* Realm */,
				782E8A2B2A062A28006F2BED /* RealmSwift */,
			);
			productName = "ISS-Location";
			productReference = 782E89EC2A060F61006F2BED /* ISS-Location.app */;
			productType = "com.apple.product-type.application";
		};
		782E8A002A060F62006F2BED /* ISS-LocationTests */ = {
			isa = PBXNativeTarget;
			buildConfigurationList = 782E8A182A060F62006F2BED /* Build configuration list for PBXNativeTarget "ISS-LocationTests" */;
			buildPhases = (
				782E89FD2A060F62006F2BED /* Sources */,
				782E89FE2A060F62006F2BED /* Frameworks */,
				782E89FF2A060F62006F2BED /* Resources */,
			);
			buildRules = (
			);
			dependencies = (
				782E8A032A060F62006F2BED /* PBXTargetDependency */,
			);
			name = "ISS-LocationTests";
			productName = "ISS-LocationTests";
			productReference = 782E8A012A060F62006F2BED /* ISS-LocationTests.xctest */;
			productType = "com.apple.product-type.bundle.unit-test";
		};
		782E8A0A2A060F62006F2BED /* ISS-LocationUITests */ = {
			isa = PBXNativeTarget;
			buildConfigurationList = 782E8A1B2A060F62006F2BED /* Build configuration list for PBXNativeTarget "ISS-LocationUITests" */;
			buildPhases = (
				782E8A072A060F62006F2BED /* Sources */,
				782E8A082A060F62006F2BED /* Frameworks */,
				782E8A092A060F62006F2BED /* Resources */,
			);
			buildRules = (
			);
			dependencies = (
				782E8A0D2A060F62006F2BED /* PBXTargetDependency */,
			);
			name = "ISS-LocationUITests";
			productName = "ISS-LocationUITests";
			productReference = 782E8A0B2A060F62006F2BED /* ISS-LocationUITests.xctest */;
			productType = "com.apple.product-type.bundle.ui-testing";
		};
/* End PBXNativeTarget section */

/* Begin PBXProject section */
		782E89E42A060F61006F2BED /* Project object */ = {
			isa = PBXProject;
			attributes = {
				BuildIndependentTargetsInParallel = 1;
				LastSwiftUpdateCheck = 1430;
				LastUpgradeCheck = 1430;
				TargetAttributes = {
					782E89EB2A060F61006F2BED = {
						CreatedOnToolsVersion = 14.3;
					};
					782E8A002A060F62006F2BED = {
						CreatedOnToolsVersion = 14.3;
						TestTargetID = 782E89EB2A060F61006F2BED;
					};
					782E8A0A2A060F62006F2BED = {
						CreatedOnToolsVersion = 14.3;
						TestTargetID = 782E89EB2A060F61006F2BED;
					};
				};
			};
			buildConfigurationList = 782E89E72A060F61006F2BED /* Build configuration list for PBXProject "ISS-Location" */;
			compatibilityVersion = "Xcode 14.0";
			developmentRegion = en;
			hasScannedForEncodings = 0;
			knownRegions = (
				en,
				Base,
			);
			mainGroup = 782E89E32A060F61006F2BED;
			packageReferences = (
				782E8A282A062A28006F2BED /* XCRemoteSwiftPackageReference "realm-swift" */,
			);
			productRefGroup = 782E89ED2A060F61006F2BED /* Products */;
			projectDirPath = "";
			projectRoot = "";
			targets = (
				782E89EB2A060F61006F2BED /* ISS-Location */,
				782E8A002A060F62006F2BED /* ISS-LocationTests */,
				782E8A0A2A060F62006F2BED /* ISS-LocationUITests */,
			);
		};
/* End PBXProject section */

/* Begin PBXResourcesBuildPhase section */
		782E89EA2A060F61006F2BED /* Resources */ = {
			isa = PBXResourcesBuildPhase;
			buildActionMask = 2147483647;
			files = (
				782E89F72A060F62006F2BED /* Preview Assets.xcassets in Resources */,
				782E89F42A060F62006F2BED /* Assets.xcassets in Resources */,
			);
			runOnlyForDeploymentPostprocessing = 0;
		};
		782E89FF2A060F62006F2BED /* Resources */ = {
			isa = PBXResourcesBuildPhase;
			buildActionMask = 2147483647;
			files = (
			);
			runOnlyForDeploymentPostprocessing = 0;
		};
		782E8A092A060F62006F2BED /* Resources */ = {
			isa = PBXResourcesBuildPhase;
			buildActionMask = 2147483647;
			files = (
			);
			runOnlyForDeploymentPostprocessing = 0;
		};
/* End PBXResourcesBuildPhase section */

/* Begin PBXSourcesBuildPhase section */
		782E89E82A060F61006F2BED /* Sources */ = {
			isa = PBXSourcesBuildPhase;
			buildActionMask = 2147483647;
			files = (
				782E89FC2A060F62006F2BED /* ISS_Location.xcdatamodeld in Sources */,
				782E89F92A060F62006F2BED /* Persistence.swift in Sources */,
				782E8A2E2A062C11006F2BED /* ISSInfoView.swift in Sources */,
				782E8A242A061F3D006F2BED /* LocationManager.swift in Sources */,
				782E8A222A061EE1006F2BED /* MapView.swift in Sources */,
				782E89F22A060F61006F2BED /* MainView.swift in Sources */,
				782E8A322A07808F006F2BED /* AstronautResponse.swift in Sources */,
				782E89F02A060F61006F2BED /* ISS_LocationApp.swift in Sources */,
				782E8A262A0622E6006F2BED /* ISSPositionResponse.swift in Sources */,
				782E8A302A062C55006F2BED /* MainViewModel.swift in Sources */,
			);
			runOnlyForDeploymentPostprocessing = 0;
		};
		782E89FD2A060F62006F2BED /* Sources */ = {
			isa = PBXSourcesBuildPhase;
			buildActionMask = 2147483647;
			files = (
				782E8A062A060F62006F2BED /* ISS_LocationTests.swift in Sources */,
			);
			runOnlyForDeploymentPostprocessing = 0;
		};
		782E8A072A060F62006F2BED /* Sources */ = {
			isa = PBXSourcesBuildPhase;
			buildActionMask = 2147483647;
			files = (
				782E8A102A060F62006F2BED /* ISS_LocationUITests.swift in Sources */,
				782E8A122A060F62006F2BED /* ISS_LocationUITestsLaunchTests.swift in Sources */,
			);
			runOnlyForDeploymentPostprocessing = 0;
		};
/* End PBXSourcesBuildPhase section */

/* Begin PBXTargetDependency section */
		782E8A032A060F62006F2BED /* PBXTargetDependency */ = {
			isa = PBXTargetDependency;
			target = 782E89EB2A060F61006F2BED /* ISS-Location */;
			targetProxy = 782E8A022A060F62006F2BED /* PBXContainerItemProxy */;
		};
		782E8A0D2A060F62006F2BED /* PBXTargetDependency */ = {
			isa = PBXTargetDependency;
			target = 782E89EB2A060F61006F2BED /* ISS-Location */;
			targetProxy = 782E8A0C2A060F62006F2BED /* PBXContainerItemProxy */;
		};
/* End PBXTargetDependency section */

/* Begin XCBuildConfiguration section */
		782E8A132A060F62006F2BED /* Debug */ = {
			isa = XCBuildConfiguration;
			buildSettings = {
				ALWAYS_SEARCH_USER_PATHS = NO;
				CLANG_ANALYZER_NONNULL = YES;
				CLANG_ANALYZER_NUMBER_OBJECT_CONVERSION = YES_AGGRESSIVE;
				CLANG_CXX_LANGUAGE_STANDARD = "gnu++20";
				CLANG_ENABLE_MODULES = YES;
				CLANG_ENABLE_OBJC_ARC = YES;
				CLANG_ENABLE_OBJC_WEAK = YES;
				CLANG_WARN_BLOCK_CAPTURE_AUTORELEASING = YES;
				CLANG_WARN_BOOL_CONVERSION = YES;
				CLANG_WARN_COMMA = YES;
				CLANG_WARN_CONSTANT_CONVERSION = YES;
				CLANG_WARN_DEPRECATED_OBJC_IMPLEMENTATIONS = YES;
				CLANG_WARN_DIRECT_OBJC_ISA_USAGE = YES_ERROR;
				CLANG_WARN_DOCUMENTATION_COMMENTS = YES;
				CLANG_WARN_EMPTY_BODY = YES;
				CLANG_WARN_ENUM_CONVERSION = YES;
				CLANG_WARN_INFINITE_RECURSION = YES;
				CLANG_WARN_INT_CONVERSION = YES;
				CLANG_WARN_NON_LITERAL_NULL_CONVERSION = YES;
				CLANG_WARN_OBJC_IMPLICIT_RETAIN_SELF = YES;
				CLANG_WARN_OBJC_LITERAL_CONVERSION = YES;
				CLANG_WARN_OBJC_ROOT_CLASS = YES_ERROR;
				CLANG_WARN_QUOTED_INCLUDE_IN_FRAMEWORK_HEADER = YES;
				CLANG_WARN_RANGE_LOOP_ANALYSIS = YES;
				CLANG_WARN_STRICT_PROTOTYPES = YES;
				CLANG_WARN_SUSPICIOUS_MOVE = YES;
				CLANG_WARN_UNGUARDED_AVAILABILITY = YES_AGGRESSIVE;
				CLANG_WARN_UNREACHABLE_CODE = YES;
				CLANG_WARN__DUPLICATE_METHOD_MATCH = YES;
				COPY_PHASE_STRIP = NO;
				DEBUG_INFORMATION_FORMAT = dwarf;
				ENABLE_STRICT_OBJC_MSGSEND = YES;
				ENABLE_TESTABILITY = YES;
				GCC_C_LANGUAGE_STANDARD = gnu11;
				GCC_DYNAMIC_NO_PIC = NO;
				GCC_NO_COMMON_BLOCKS = YES;
				GCC_OPTIMIZATION_LEVEL = 0;
				GCC_PREPROCESSOR_DEFINITIONS = (
					"DEBUG=1",
					"$(inherited)",
				);
				GCC_WARN_64_TO_32_BIT_CONVERSION = YES;
				GCC_WARN_ABOUT_RETURN_TYPE = YES_ERROR;
				GCC_WARN_UNDECLARED_SELECTOR = YES;
				GCC_WARN_UNINITIALIZED_AUTOS = YES_AGGRESSIVE;
				GCC_WARN_UNUSED_FUNCTION = YES;
				GCC_WARN_UNUSED_VARIABLE = YES;
				IPHONEOS_DEPLOYMENT_TARGET = 16.4;
				MTL_ENABLE_DEBUG_INFO = INCLUDE_SOURCE;
				MTL_FAST_MATH = YES;
				ONLY_ACTIVE_ARCH = YES;
				SDKROOT = iphoneos;
				SWIFT_ACTIVE_COMPILATION_CONDITIONS = DEBUG;
				SWIFT_OPTIMIZATION_LEVEL = "-Onone";
			};
			name = Debug;
		};
		782E8A142A060F62006F2BED /* Release */ = {
			isa = XCBuildConfiguration;
			buildSettings = {
				ALWAYS_SEARCH_USER_PATHS = NO;
				CLANG_ANALYZER_NONNULL = YES;
				CLANG_ANALYZER_NUMBER_OBJECT_CONVERSION = YES_AGGRESSIVE;
				CLANG_CXX_LANGUAGE_STANDARD = "gnu++20";
				CLANG_ENABLE_MODULES = YES;
				CLANG_ENABLE_OBJC_ARC = YES;
				CLANG_ENABLE_OBJC_WEAK = YES;
				CLANG_WARN_BLOCK_CAPTURE_AUTORELEASING = YES;
				CLANG_WARN_BOOL_CONVERSION = YES;
				CLANG_WARN_COMMA = YES;
				CLANG_WARN_CONSTANT_CONVERSION = YES;
				CLANG_WARN_DEPRECATED_OBJC_IMPLEMENTATIONS = YES;
				CLANG_WARN_DIRECT_OBJC_ISA_USAGE = YES_ERROR;
				CLANG_WARN_DOCUMENTATION_COMMENTS = YES;
				CLANG_WARN_EMPTY_BODY = YES;
				CLANG_WARN_ENUM_CONVERSION = YES;
				CLANG_WARN_INFINITE_RECURSION = YES;
				CLANG_WARN_INT_CONVERSION = YES;
				CLANG_WARN_NON_LITERAL_NULL_CONVERSION = YES;
				CLANG_WARN_OBJC_IMPLICIT_RETAIN_SELF = YES;
				CLANG_WARN_OBJC_LITERAL_CONVERSION = YES;
				CLANG_WARN_OBJC_ROOT_CLASS = YES_ERROR;
				CLANG_WARN_QUOTED_INCLUDE_IN_FRAMEWORK_HEADER = YES;
				CLANG_WARN_RANGE_LOOP_ANALYSIS = YES;
				CLANG_WARN_STRICT_PROTOTYPES = YES;
				CLANG_WARN_SUSPICIOUS_MOVE = YES;
				CLANG_WARN_UNGUARDED_AVAILABILITY = YES_AGGRESSIVE;
				CLANG_WARN_UNREACHABLE_CODE = YES;
				CLANG_WARN__DUPLICATE_METHOD_MATCH = YES;
				COPY_PHASE_STRIP = NO;
				DEBUG_INFORMATION_FORMAT = "dwarf-with-dsym";
				ENABLE_NS_ASSERTIONS = NO;
				ENABLE_STRICT_OBJC_MSGSEND = YES;
				GCC_C_LANGUAGE_STANDARD = gnu11;
				GCC_NO_COMMON_BLOCKS = YES;
				GCC_WARN_64_TO_32_BIT_CONVERSION = YES;
				GCC_WARN_ABOUT_RETURN_TYPE = YES_ERROR;
				GCC_WARN_UNDECLARED_SELECTOR = YES;
				GCC_WARN_UNINITIALIZED_AUTOS = YES_AGGRESSIVE;
				GCC_WARN_UNUSED_FUNCTION = YES;
				GCC_WARN_UNUSED_VARIABLE = YES;
				IPHONEOS_DEPLOYMENT_TARGET = 16.4;
				MTL_ENABLE_DEBUG_INFO = NO;
				MTL_FAST_MATH = YES;
				SDKROOT = iphoneos;
				SWIFT_COMPILATION_MODE = wholemodule;
				SWIFT_OPTIMIZATION_LEVEL = "-O";
				VALIDATE_PRODUCT = YES;
			};
			name = Release;
		};
		782E8A162A060F62006F2BED /* Debug */ = {
			isa = XCBuildConfiguration;
			buildSettings = {
				ASSETCATALOG_COMPILER_APPICON_NAME = AppIcon;
				ASSETCATALOG_COMPILER_GLOBAL_ACCENT_COLOR_NAME = AccentColor;
				CODE_SIGN_STYLE = Automatic;
				CURRENT_PROJECT_VERSION = 1;
				DEVELOPMENT_ASSET_PATHS = "\"ISS-Location/Preview Content\"";
				DEVELOPMENT_TEAM = 85Z4E9D6W3;
				ENABLE_PREVIEWS = YES;
				GENERATE_INFOPLIST_FILE = YES;
				INFOPLIST_FILE = "ISS-Location/Info.plist";
				INFOPLIST_KEY_NSLocationWhenInUseUsageDescription = "This app needs your location to calculate distance to ISS.";
				INFOPLIST_KEY_UIApplicationSceneManifest_Generation = YES;
				INFOPLIST_KEY_UIApplicationSupportsIndirectInputEvents = YES;
				INFOPLIST_KEY_UILaunchScreen_Generation = YES;
				INFOPLIST_KEY_UISupportedInterfaceOrientations_iPad = "UIInterfaceOrientationPortrait UIInterfaceOrientationPortraitUpsideDown UIInterfaceOrientationLandscapeLeft UIInterfaceOrientationLandscapeRight";
				INFOPLIST_KEY_UISupportedInterfaceOrientations_iPhone = "UIInterfaceOrientationPortrait UIInterfaceOrientationLandscapeLeft UIInterfaceOrientationLandscapeRight";
				LD_RUNPATH_SEARCH_PATHS = (
					"$(inherited)",
					"@executable_path/Frameworks",
				);
				MARKETING_VERSION = 1.0;
				PRODUCT_BUNDLE_IDENTIFIER = "com.Ancajima.Paul.ISS-Location";
				PRODUCT_NAME = "$(TARGET_NAME)";
				SWIFT_EMIT_LOC_STRINGS = YES;
				SWIFT_VERSION = 5.0;
				TARGETED_DEVICE_FAMILY = "1,2";
			};
			name = Debug;
		};
		782E8A172A060F62006F2BED /* Release */ = {
			isa = XCBuildConfiguration;
			buildSettings = {
				ASSETCATALOG_COMPILER_APPICON_NAME = AppIcon;
				ASSETCATALOG_COMPILER_GLOBAL_ACCENT_COLOR_NAME = AccentColor;
				CODE_SIGN_STYLE = Automatic;
				CURRENT_PROJECT_VERSION = 1;
				DEVELOPMENT_ASSET_PATHS = "\"ISS-Location/Preview Content\"";
				DEVELOPMENT_TEAM = 85Z4E9D6W3;
				ENABLE_PREVIEWS = YES;
				GENERATE_INFOPLIST_FILE = YES;
				INFOPLIST_FILE = "ISS-Location/Info.plist";
				INFOPLIST_KEY_NSLocationWhenInUseUsageDescription = "This app needs your location to calculate distance to ISS.";
				INFOPLIST_KEY_UIApplicationSceneManifest_Generation = YES;
				INFOPLIST_KEY_UIApplicationSupportsIndirectInputEvents = YES;
				INFOPLIST_KEY_UILaunchScreen_Generation = YES;
				INFOPLIST_KEY_UISupportedInterfaceOrientations_iPad = "UIInterfaceOrientationPortrait UIInterfaceOrientationPortraitUpsideDown UIInterfaceOrientationLandscapeLeft UIInterfaceOrientationLandscapeRight";
				INFOPLIST_KEY_UISupportedInterfaceOrientations_iPhone = "UIInterfaceOrientationPortrait UIInterfaceOrientationLandscapeLeft UIInterfaceOrientationLandscapeRight";
				LD_RUNPATH_SEARCH_PATHS = (
					"$(inherited)",
					"@executable_path/Frameworks",
				);
				MARKETING_VERSION = 1.0;
				PRODUCT_BUNDLE_IDENTIFIER = "com.Ancajima.Paul.ISS-Location";
				PRODUCT_NAME = "$(TARGET_NAME)";
				SWIFT_EMIT_LOC_STRINGS = YES;
				SWIFT_VERSION = 5.0;
				TARGETED_DEVICE_FAMILY = "1,2";
			};
			name = Release;
		};
		782E8A192A060F62006F2BED /* Debug */ = {
			isa = XCBuildConfiguration;
			buildSettings = {
				ALWAYS_EMBED_SWIFT_STANDARD_LIBRARIES = YES;
				BUNDLE_LOADER = "$(TEST_HOST)";
				CODE_SIGN_STYLE = Automatic;
				CURRENT_PROJECT_VERSION = 1;
				DEVELOPMENT_TEAM = 85Z4E9D6W3;
				GENERATE_INFOPLIST_FILE = YES;
				IPHONEOS_DEPLOYMENT_TARGET = 16.4;
				MARKETING_VERSION = 1.0;
				PRODUCT_BUNDLE_IDENTIFIER = "com.Ancajima.Paul.ISS-LocationTests";
				PRODUCT_NAME = "$(TARGET_NAME)";
				SWIFT_EMIT_LOC_STRINGS = NO;
				SWIFT_VERSION = 5.0;
				TARGETED_DEVICE_FAMILY = "1,2";
				TEST_HOST = "$(BUILT_PRODUCTS_DIR)/ISS-Location.app/$(BUNDLE_EXECUTABLE_FOLDER_PATH)/ISS-Location";
			};
			name = Debug;
		};
		782E8A1A2A060F62006F2BED /* Release */ = {
			isa = XCBuildConfiguration;
			buildSettings = {
				ALWAYS_EMBED_SWIFT_STANDARD_LIBRARIES = YES;
				BUNDLE_LOADER = "$(TEST_HOST)";
				CODE_SIGN_STYLE = Automatic;
				CURRENT_PROJECT_VERSION = 1;
				DEVELOPMENT_TEAM = 85Z4E9D6W3;
				GENERATE_INFOPLIST_FILE = YES;
				IPHONEOS_DEPLOYMENT_TARGET = 16.4;
				MARKETING_VERSION = 1.0;
				PRODUCT_BUNDLE_IDENTIFIER = "com.Ancajima.Paul.ISS-LocationTests";
				PRODUCT_NAME = "$(TARGET_NAME)";
				SWIFT_EMIT_LOC_STRINGS = NO;
				SWIFT_VERSION = 5.0;
				TARGETED_DEVICE_FAMILY = "1,2";
				TEST_HOST = "$(BUILT_PRODUCTS_DIR)/ISS-Location.app/$(BUNDLE_EXECUTABLE_FOLDER_PATH)/ISS-Location";
			};
			name = Release;
		};
		782E8A1C2A060F62006F2BED /* Debug */ = {
			isa = XCBuildConfiguration;
			buildSettings = {
				ALWAYS_EMBED_SWIFT_STANDARD_LIBRARIES = YES;
				CODE_SIGN_STYLE = Automatic;
				CURRENT_PROJECT_VERSION = 1;
				DEVELOPMENT_TEAM = 85Z4E9D6W3;
				GENERATE_INFOPLIST_FILE = YES;
				MARKETING_VERSION = 1.0;
				PRODUCT_BUNDLE_IDENTIFIER = "com.Ancajima.Paul.ISS-LocationUITests";
				PRODUCT_NAME = "$(TARGET_NAME)";
				SWIFT_EMIT_LOC_STRINGS = NO;
				SWIFT_VERSION = 5.0;
				TARGETED_DEVICE_FAMILY = "1,2";
				TEST_TARGET_NAME = "ISS-Location";
			};
			name = Debug;
		};
		782E8A1D2A060F62006F2BED /* Release */ = {
			isa = XCBuildConfiguration;
			buildSettings = {
				ALWAYS_EMBED_SWIFT_STANDARD_LIBRARIES = YES;
				CODE_SIGN_STYLE = Automatic;
				CURRENT_PROJECT_VERSION = 1;
				DEVELOPMENT_TEAM = 85Z4E9D6W3;
				GENERATE_INFOPLIST_FILE = YES;
				MARKETING_VERSION = 1.0;
				PRODUCT_BUNDLE_IDENTIFIER = "com.Ancajima.Paul.ISS-LocationUITests";
				PRODUCT_NAME = "$(TARGET_NAME)";
				SWIFT_EMIT_LOC_STRINGS = NO;
				SWIFT_VERSION = 5.0;
				TARGETED_DEVICE_FAMILY = "1,2";
				TEST_TARGET_NAME = "ISS-Location";
			};
			name = Release;
		};
/* End XCBuildConfiguration section */

/* Begin XCConfigurationList section */
		782E89E72A060F61006F2BED /* Build configuration list for PBXProject "ISS-Location" */ = {
			isa = XCConfigurationList;
			buildConfigurations = (
				782E8A132A060F62006F2BED /* Debug */,
				782E8A142A060F62006F2BED /* Release */,
			);
			defaultConfigurationIsVisible = 0;
			defaultConfigurationName = Release;
		};
		782E8A152A060F62006F2BED /* Build configuration list for PBXNativeTarget "ISS-Location" */ = {
			isa = XCConfigurationList;
			buildConfigurations = (
				782E8A162A060F62006F2BED /* Debug */,
				782E8A172A060F62006F2BED /* Release */,
			);
			defaultConfigurationIsVisible = 0;
			defaultConfigurationName = Release;
		};
		782E8A182A060F62006F2BED /* Build configuration list for PBXNativeTarget "ISS-LocationTests" */ = {
			isa = XCConfigurationList;
			buildConfigurations = (
				782E8A192A060F62006F2BED /* Debug */,
				782E8A1A2A060F62006F2BED /* Release */,
			);
			defaultConfigurationIsVisible = 0;
			defaultConfigurationName = Release;
		};
		782E8A1B2A060F62006F2BED /* Build configuration list for PBXNativeTarget "ISS-LocationUITests" */ = {
			isa = XCConfigurationList;
			buildConfigurations = (
				782E8A1C2A060F62006F2BED /* Debug */,
				782E8A1D2A060F62006F2BED /* Release */,
			);
			defaultConfigurationIsVisible = 0;
			defaultConfigurationName = Release;
		};
/* End XCConfigurationList section */

/* Begin XCRemoteSwiftPackageReference section */
		782E8A282A062A28006F2BED /* XCRemoteSwiftPackageReference "realm-swift" */ = {
			isa = XCRemoteSwiftPackageReference;
			repositoryURL = "https://github.com/realm/realm-swift.git";
			requirement = {
				branch = master;
				kind = branch;
			};
		};
/* End XCRemoteSwiftPackageReference section */

/* Begin XCSwiftPackageProductDependency section */
		782E8A292A062A28006F2BED /* Realm */ = {
			isa = XCSwiftPackageProductDependency;
			package = 782E8A282A062A28006F2BED /* XCRemoteSwiftPackageReference "realm-swift" */;
			productName = Realm;
		};
		782E8A2B2A062A28006F2BED /* RealmSwift */ = {
			isa = XCSwiftPackageProductDependency;
			package = 782E8A282A062A28006F2BED /* XCRemoteSwiftPackageReference "realm-swift" */;
			productName = RealmSwift;
		};
/* End XCSwiftPackageProductDependency section */

/* Begin XCVersionGroup section */
		782E89FA2A060F62006F2BED /* ISS_Location.xcdatamodeld */ = {
			isa = XCVersionGroup;
			children = (
				782E89FB2A060F62006F2BED /* ISS_Location.xcdatamodel */,
			);
			currentVersion = 782E89FB2A060F62006F2BED /* ISS_Location.xcdatamodel */;
			path = ISS_Location.xcdatamodeld;
			sourceTree = "<group>";
			versionGroupType = wrapper.xcdatamodel;
		};
/* End XCVersionGroup section */
	};
	rootObject = 782E89E42A060F61006F2BED /* Project object */;
}
